// !$*UTF8*$!
{
	archiveVersion = 1;
	classes = {
	};
	objectVersion = 46;
	objects = {

/* Begin PBXBuildFile section */
		AC01C39D1B41968A007D0D40 /* DiscoverViewController.m in Sources */ = {isa = PBXBuildFile; fileRef = AC01C37C1B41968A007D0D40 /* DiscoverViewController.m */; };
		AC01C39E1B41968A007D0D40 /* HomeViewController.m in Sources */ = {isa = PBXBuildFile; fileRef = AC01C3821B41968A007D0D40 /* HomeViewController.m */; };
		AC01C39F1B41968A007D0D40 /* MainTabBarController.m in Sources */ = {isa = PBXBuildFile; fileRef = AC01C3881B41968A007D0D40 /* MainTabBarController.m */; };
		AC01C3A01B41968A007D0D40 /* YNNavigationController.m in Sources */ = {isa = PBXBuildFile; fileRef = AC01C38A1B41968A007D0D40 /* YNNavigationController.m */; };
		AC01C3A21B41968A007D0D40 /* main.m in Sources */ = {isa = PBXBuildFile; fileRef = AC01C38E1B41968A007D0D40 /* main.m */; };
		AC01C3A31B41968A007D0D40 /* MessageCenterViewController.m in Sources */ = {isa = PBXBuildFile; fileRef = AC01C3941B41968A007D0D40 /* MessageCenterViewController.m */; };
		AC01C3A41B41968A007D0D40 /* ProfileViewController.m in Sources */ = {isa = PBXBuildFile; fileRef = AC01C39A1B41968A007D0D40 /* ProfileViewController.m */; };
		AC03AFE81B4D6CAE00239781 /* StatusPhtotView.m in Sources */ = {isa = PBXBuildFile; fileRef = AC03AFE71B4D6CAE00239781 /* StatusPhtotView.m */; };
		AC03AFEB1B4D7AA400239781 /* IconView.m in Sources */ = {isa = PBXBuildFile; fileRef = AC03AFEA1B4D7AA400239781 /* IconView.m */; };
		AC29BD151B3FEDB200C60052 /* Images.xcassets in Resources */ = {isa = PBXBuildFile; fileRef = AC29BD141B3FEDB200C60052 /* Images.xcassets */; };
		AC29BD181B3FEDB200C60052 /* LaunchScreen.xib in Resources */ = {isa = PBXBuildFile; fileRef = AC29BD161B3FEDB200C60052 /* LaunchScreen.xib */; };
		AC29BD241B3FEDB200C60052 /* YNWeiBoTests.m in Sources */ = {isa = PBXBuildFile; fileRef = AC29BD231B3FEDB200C60052 /* YNWeiBoTests.m */; };
		AC59FF1C1B478DB300F867B6 /* AccountTool.m in Sources */ = {isa = PBXBuildFile; fileRef = AC59FF1B1B478DB300F867B6 /* AccountTool.m */; };
		AC59FF221B47C98D00F867B6 /* TitleButton.m in Sources */ = {isa = PBXBuildFile; fileRef = AC59FF211B47C98D00F867B6 /* TitleButton.m */; };
		AC59FF251B47D97200F867B6 /* User.m in Sources */ = {isa = PBXBuildFile; fileRef = AC59FF241B47D97200F867B6 /* User.m */; };
		AC59FF281B47D97B00F867B6 /* Status.m in Sources */ = {isa = PBXBuildFile; fileRef = AC59FF271B47D97B00F867B6 /* Status.m */; };
		AC59FF3B1B48058400F867B6 /* MJConst.m in Sources */ = {isa = PBXBuildFile; fileRef = AC59FF2B1B48058400F867B6 /* MJConst.m */; };
		AC59FF3C1B48058400F867B6 /* MJFoundation.m in Sources */ = {isa = PBXBuildFile; fileRef = AC59FF2E1B48058400F867B6 /* MJFoundation.m */; };
		AC59FF3D1B48058400F867B6 /* MJProperty.m in Sources */ = {isa = PBXBuildFile; fileRef = AC59FF301B48058400F867B6 /* MJProperty.m */; };
		AC59FF3E1B48058400F867B6 /* MJType.m in Sources */ = {isa = PBXBuildFile; fileRef = AC59FF321B48058400F867B6 /* MJType.m */; };
		AC59FF3F1B48058400F867B6 /* NSObject+MJCoding.m in Sources */ = {isa = PBXBuildFile; fileRef = AC59FF341B48058400F867B6 /* NSObject+MJCoding.m */; };
		AC59FF401B48058400F867B6 /* NSObject+MJKeyValue.m in Sources */ = {isa = PBXBuildFile; fileRef = AC59FF361B48058400F867B6 /* NSObject+MJKeyValue.m */; };
		AC59FF411B48058400F867B6 /* NSObject+MJProperty.m in Sources */ = {isa = PBXBuildFile; fileRef = AC59FF381B48058400F867B6 /* NSObject+MJProperty.m */; };
		AC59FF421B48058400F867B6 /* NSString+MJExtension.m in Sources */ = {isa = PBXBuildFile; fileRef = AC59FF3A1B48058400F867B6 /* NSString+MJExtension.m */; };
		AC59FF701B4805C200F867B6 /* MJRefreshAutoFooter.m in Sources */ = {isa = PBXBuildFile; fileRef = AC59FF461B4805C100F867B6 /* MJRefreshAutoFooter.m */; };
		AC59FF711B4805C200F867B6 /* MJRefreshBackFooter.m in Sources */ = {isa = PBXBuildFile; fileRef = AC59FF481B4805C200F867B6 /* MJRefreshBackFooter.m */; };
		AC59FF721B4805C200F867B6 /* MJRefreshComponent.m in Sources */ = {isa = PBXBuildFile; fileRef = AC59FF4A1B4805C200F867B6 /* MJRefreshComponent.m */; };
		AC59FF731B4805C200F867B6 /* MJRefreshFooter.m in Sources */ = {isa = PBXBuildFile; fileRef = AC59FF4C1B4805C200F867B6 /* MJRefreshFooter.m */; };
		AC59FF741B4805C200F867B6 /* MJRefreshHeader.m in Sources */ = {isa = PBXBuildFile; fileRef = AC59FF4E1B4805C200F867B6 /* MJRefreshHeader.m */; };
		AC59FF751B4805C200F867B6 /* MJRefreshAutoGifFooter.m in Sources */ = {isa = PBXBuildFile; fileRef = AC59FF531B4805C200F867B6 /* MJRefreshAutoGifFooter.m */; };
		AC59FF761B4805C200F867B6 /* MJRefreshAutoNormalFooter.m in Sources */ = {isa = PBXBuildFile; fileRef = AC59FF551B4805C200F867B6 /* MJRefreshAutoNormalFooter.m */; };
		AC59FF771B4805C200F867B6 /* MJRefreshAutoStateFooter.m in Sources */ = {isa = PBXBuildFile; fileRef = AC59FF571B4805C200F867B6 /* MJRefreshAutoStateFooter.m */; };
		AC59FF781B4805C200F867B6 /* MJRefreshBackGifFooter.m in Sources */ = {isa = PBXBuildFile; fileRef = AC59FF5A1B4805C200F867B6 /* MJRefreshBackGifFooter.m */; };
		AC59FF791B4805C200F867B6 /* MJRefreshBackNormalFooter.m in Sources */ = {isa = PBXBuildFile; fileRef = AC59FF5C1B4805C200F867B6 /* MJRefreshBackNormalFooter.m */; };
		AC59FF7A1B4805C200F867B6 /* MJRefreshBackStateFooter.m in Sources */ = {isa = PBXBuildFile; fileRef = AC59FF5E1B4805C200F867B6 /* MJRefreshBackStateFooter.m */; };
		AC59FF7B1B4805C200F867B6 /* MJRefreshGifHeader.m in Sources */ = {isa = PBXBuildFile; fileRef = AC59FF611B4805C200F867B6 /* MJRefreshGifHeader.m */; };
		AC59FF7C1B4805C200F867B6 /* MJRefreshNormalHeader.m in Sources */ = {isa = PBXBuildFile; fileRef = AC59FF631B4805C200F867B6 /* MJRefreshNormalHeader.m */; };
		AC59FF7D1B4805C200F867B6 /* MJRefreshStateHeader.m in Sources */ = {isa = PBXBuildFile; fileRef = AC59FF651B4805C200F867B6 /* MJRefreshStateHeader.m */; };
		AC59FF7E1B4805C200F867B6 /* MJRefresh.bundle in Resources */ = {isa = PBXBuildFile; fileRef = AC59FF661B4805C200F867B6 /* MJRefresh.bundle */; };
		AC59FF7F1B4805C200F867B6 /* MJRefreshConst.m in Sources */ = {isa = PBXBuildFile; fileRef = AC59FF691B4805C200F867B6 /* MJRefreshConst.m */; };
		AC59FF801B4805C200F867B6 /* UIScrollView+MJExtension.m in Sources */ = {isa = PBXBuildFile; fileRef = AC59FF6B1B4805C200F867B6 /* UIScrollView+MJExtension.m */; };
		AC59FF811B4805C200F867B6 /* UIScrollView+MJRefresh.m in Sources */ = {isa = PBXBuildFile; fileRef = AC59FF6D1B4805C200F867B6 /* UIScrollView+MJRefresh.m */; };
		AC59FF821B4805C200F867B6 /* UIView+MJExtension.m in Sources */ = {isa = PBXBuildFile; fileRef = AC59FF6F1B4805C200F867B6 /* UIView+MJExtension.m */; };
		AC59FF851B481A7600F867B6 /* LoadMoreFooter.m in Sources */ = {isa = PBXBuildFile; fileRef = AC59FF841B481A7600F867B6 /* LoadMoreFooter.m */; };
		AC59FF871B481A8D00F867B6 /* LoadMoreFooter.xib in Resources */ = {isa = PBXBuildFile; fileRef = AC59FF861B481A8D00F867B6 /* LoadMoreFooter.xib */; };
		AC59FF8A1B4837DD00F867B6 /* StatusCell.m in Sources */ = {isa = PBXBuildFile; fileRef = AC59FF891B4837DD00F867B6 /* StatusCell.m */; };
		AC59FF8D1B483C7A00F867B6 /* StatusFrame.m in Sources */ = {isa = PBXBuildFile; fileRef = AC59FF8C1B483C7A00F867B6 /* StatusFrame.m */; };
		AC59FF901B48FD7E00F867B6 /* Photo.m in Sources */ = {isa = PBXBuildFile; fileRef = AC59FF8F1B48FD7E00F867B6 /* Photo.m */; };
		AC59FF931B497CE800F867B6 /* StatusToolbar.m in Sources */ = {isa = PBXBuildFile; fileRef = AC59FF921B497CE800F867B6 /* StatusToolbar.m */; };
		AC83CEB31B443649000F8A76 /* YNTabBar.m in Sources */ = {isa = PBXBuildFile; fileRef = AC83CEB21B443649000F8A76 /* YNTabBar.m */; };
		AC83CEB61B444B9D000F8A76 /* NewfeatureViewController.m in Sources */ = {isa = PBXBuildFile; fileRef = AC83CEB51B444B9D000F8A76 /* NewfeatureViewController.m */; };
		AC9EF8F81B4006F5005317CF /* AppDelegate.m in Sources */ = {isa = PBXBuildFile; fileRef = AC9EF8F41B4006F5005317CF /* AppDelegate.m */; };
		AC9EF90D1B401FAB005317CF /* Test1ViewController.m in Sources */ = {isa = PBXBuildFile; fileRef = AC9EF90C1B401FAB005317CF /* Test1ViewController.m */; };
		ACA653C81B4C1F2300C4333E /* StausPhotosView.m in Sources */ = {isa = PBXBuildFile; fileRef = ACA653C71B4C1F2300C4333E /* StausPhotosView.m */; };
		ACD073111B46EE2300A1C55A /* OAuthViewController.m in Sources */ = {isa = PBXBuildFile; fileRef = ACD073101B46EE2300A1C55A /* OAuthViewController.m */; };
		ACD073511B46F6EF00A1C55A /* Account.m in Sources */ = {isa = PBXBuildFile; fileRef = ACD073501B46F6EF00A1C55A /* Account.m */; };
		ACD073591B46FB9500A1C55A /* MBProgressHUD+MJ.m in Sources */ = {isa = PBXBuildFile; fileRef = ACD073551B46FB9500A1C55A /* MBProgressHUD+MJ.m */; };
		ACD0735A1B46FB9500A1C55A /* MBProgressHUD.bundle in Resources */ = {isa = PBXBuildFile; fileRef = ACD073561B46FB9500A1C55A /* MBProgressHUD.bundle */; };
		ACD0735B1B46FB9500A1C55A /* MBProgressHUD.m in Sources */ = {isa = PBXBuildFile; fileRef = ACD073581B46FB9500A1C55A /* MBProgressHUD.m */; };
		ACD8A6A81B42F86300B34D93 /* YNDropdownMenu.m in Sources */ = {isa = PBXBuildFile; fileRef = ACD8A6A71B42F86300B34D93 /* YNDropdownMenu.m */; };
		ACE514F71B4EB4BE00257E35 /* ComposeViewController.m in Sources */ = {isa = PBXBuildFile; fileRef = ACE514F61B4EB4BE00257E35 /* ComposeViewController.m */; };
		ACE515021B4ED28C00257E35 /* YNTextView.m in Sources */ = {isa = PBXBuildFile; fileRef = ACE515011B4ED28C00257E35 /* YNTextView.m */; };
		E5BE2A939180A81742A5E826 /* libPods-YNWeiBo.a in Frameworks */ = {isa = PBXBuildFile; fileRef = 877181B59D278872CB72DA81 /* libPods-YNWeiBo.a */; };
/* End PBXBuildFile section */

/* Begin PBXContainerItemProxy section */
		AC29BD1E1B3FEDB200C60052 /* PBXContainerItemProxy */ = {
			isa = PBXContainerItemProxy;
			containerPortal = AC29BCFC1B3FEDB200C60052 /* Project object */;
			proxyType = 1;
			remoteGlobalIDString = AC29BD031B3FEDB200C60052;
			remoteInfo = YNWeiBo;
		};
/* End PBXContainerItemProxy section */

/* Begin PBXFileReference section */
		877181B59D278872CB72DA81 /* libPods-YNWeiBo.a */ = {isa = PBXFileReference; explicitFileType = archive.ar; includeInIndex = 0; path = "libPods-YNWeiBo.a"; sourceTree = BUILT_PRODUCTS_DIR; };
		A4571994FAFC8095EA7964FF /* Pods-YNWeiBo.debug.xcconfig */ = {isa = PBXFileReference; includeInIndex = 1; lastKnownFileType = text.xcconfig; name = "Pods-YNWeiBo.debug.xcconfig"; path = "Pods/Target Support Files/Pods-YNWeiBo/Pods-YNWeiBo.debug.xcconfig"; sourceTree = "<group>"; };
		A7648F2B4E8F5993BC063049 /* Pods-YNWeiBo.release.xcconfig */ = {isa = PBXFileReference; includeInIndex = 1; lastKnownFileType = text.xcconfig; name = "Pods-YNWeiBo.release.xcconfig"; path = "Pods/Target Support Files/Pods-YNWeiBo/Pods-YNWeiBo.release.xcconfig"; sourceTree = "<group>"; };
		AC01C37B1B41968A007D0D40 /* DiscoverViewController.h */ = {isa = PBXFileReference; fileEncoding = 4; lastKnownFileType = sourcecode.c.h; path = DiscoverViewController.h; sourceTree = "<group>"; };
		AC01C37C1B41968A007D0D40 /* DiscoverViewController.m */ = {isa = PBXFileReference; fileEncoding = 4; lastKnownFileType = sourcecode.c.objc; path = DiscoverViewController.m; sourceTree = "<group>"; };
		AC01C3811B41968A007D0D40 /* HomeViewController.h */ = {isa = PBXFileReference; fileEncoding = 4; lastKnownFileType = sourcecode.c.h; path = HomeViewController.h; sourceTree = "<group>"; };
		AC01C3821B41968A007D0D40 /* HomeViewController.m */ = {isa = PBXFileReference; fileEncoding = 4; lastKnownFileType = sourcecode.c.objc; path = HomeViewController.m; sourceTree = "<group>"; };
		AC01C3871B41968A007D0D40 /* MainTabBarController.h */ = {isa = PBXFileReference; fileEncoding = 4; lastKnownFileType = sourcecode.c.h; path = MainTabBarController.h; sourceTree = "<group>"; };
		AC01C3881B41968A007D0D40 /* MainTabBarController.m */ = {isa = PBXFileReference; fileEncoding = 4; lastKnownFileType = sourcecode.c.objc; path = MainTabBarController.m; sourceTree = "<group>"; };
		AC01C3891B41968A007D0D40 /* YNNavigationController.h */ = {isa = PBXFileReference; fileEncoding = 4; lastKnownFileType = sourcecode.c.h; path = YNNavigationController.h; sourceTree = "<group>"; };
		AC01C38A1B41968A007D0D40 /* YNNavigationController.m */ = {isa = PBXFileReference; fileEncoding = 4; lastKnownFileType = sourcecode.c.objc; path = YNNavigationController.m; sourceTree = "<group>"; };
		AC01C38E1B41968A007D0D40 /* main.m */ = {isa = PBXFileReference; fileEncoding = 4; lastKnownFileType = sourcecode.c.objc; path = main.m; sourceTree = "<group>"; };
		AC01C3931B41968A007D0D40 /* MessageCenterViewController.h */ = {isa = PBXFileReference; fileEncoding = 4; lastKnownFileType = sourcecode.c.h; path = MessageCenterViewController.h; sourceTree = "<group>"; };
		AC01C3941B41968A007D0D40 /* MessageCenterViewController.m */ = {isa = PBXFileReference; fileEncoding = 4; lastKnownFileType = sourcecode.c.objc; path = MessageCenterViewController.m; sourceTree = "<group>"; };
		AC01C3991B41968A007D0D40 /* ProfileViewController.h */ = {isa = PBXFileReference; fileEncoding = 4; lastKnownFileType = sourcecode.c.h; path = ProfileViewController.h; sourceTree = "<group>"; };
		AC01C39A1B41968A007D0D40 /* ProfileViewController.m */ = {isa = PBXFileReference; fileEncoding = 4; lastKnownFileType = sourcecode.c.objc; path = ProfileViewController.m; sourceTree = "<group>"; };
		AC03AFE61B4D6CAE00239781 /* StatusPhtotView.h */ = {isa = PBXFileReference; fileEncoding = 4; lastKnownFileType = sourcecode.c.h; path = StatusPhtotView.h; sourceTree = "<group>"; };
		AC03AFE71B4D6CAE00239781 /* StatusPhtotView.m */ = {isa = PBXFileReference; fileEncoding = 4; lastKnownFileType = sourcecode.c.objc; path = StatusPhtotView.m; sourceTree = "<group>"; };
		AC03AFE91B4D7AA400239781 /* IconView.h */ = {isa = PBXFileReference; fileEncoding = 4; lastKnownFileType = sourcecode.c.h; path = IconView.h; sourceTree = "<group>"; };
		AC03AFEA1B4D7AA400239781 /* IconView.m */ = {isa = PBXFileReference; fileEncoding = 4; lastKnownFileType = sourcecode.c.objc; path = IconView.m; sourceTree = "<group>"; };
		AC29BD041B3FEDB200C60052 /* YNWeiBo.app */ = {isa = PBXFileReference; explicitFileType = wrapper.application; includeInIndex = 0; path = YNWeiBo.app; sourceTree = BUILT_PRODUCTS_DIR; };
		AC29BD081B3FEDB200C60052 /* Info.plist */ = {isa = PBXFileReference; lastKnownFileType = text.plist.xml; path = Info.plist; sourceTree = "<group>"; };
		AC29BD141B3FEDB200C60052 /* Images.xcassets */ = {isa = PBXFileReference; lastKnownFileType = folder.assetcatalog; path = Images.xcassets; sourceTree = "<group>"; };
		AC29BD171B3FEDB200C60052 /* Base */ = {isa = PBXFileReference; lastKnownFileType = file.xib; name = Base; path = Base.lproj/LaunchScreen.xib; sourceTree = "<group>"; };
		AC29BD1D1B3FEDB200C60052 /* YNWeiBoTests.xctest */ = {isa = PBXFileReference; explicitFileType = wrapper.cfbundle; includeInIndex = 0; path = YNWeiBoTests.xctest; sourceTree = BUILT_PRODUCTS_DIR; };
		AC29BD221B3FEDB200C60052 /* Info.plist */ = {isa = PBXFileReference; lastKnownFileType = text.plist.xml; path = Info.plist; sourceTree = "<group>"; };
		AC29BD231B3FEDB200C60052 /* YNWeiBoTests.m */ = {isa = PBXFileReference; lastKnownFileType = sourcecode.c.objc; path = YNWeiBoTests.m; sourceTree = "<group>"; };
		AC59FF1A1B478DB300F867B6 /* AccountTool.h */ = {isa = PBXFileReference; fileEncoding = 4; lastKnownFileType = sourcecode.c.h; path = AccountTool.h; sourceTree = "<group>"; };
		AC59FF1B1B478DB300F867B6 /* AccountTool.m */ = {isa = PBXFileReference; fileEncoding = 4; lastKnownFileType = sourcecode.c.objc; path = AccountTool.m; sourceTree = "<group>"; };
		AC59FF201B47C98D00F867B6 /* TitleButton.h */ = {isa = PBXFileReference; fileEncoding = 4; lastKnownFileType = sourcecode.c.h; path = TitleButton.h; sourceTree = "<group>"; };
		AC59FF211B47C98D00F867B6 /* TitleButton.m */ = {isa = PBXFileReference; fileEncoding = 4; lastKnownFileType = sourcecode.c.objc; path = TitleButton.m; sourceTree = "<group>"; };
		AC59FF231B47D97200F867B6 /* User.h */ = {isa = PBXFileReference; fileEncoding = 4; lastKnownFileType = sourcecode.c.h; path = User.h; sourceTree = "<group>"; };
		AC59FF241B47D97200F867B6 /* User.m */ = {isa = PBXFileReference; fileEncoding = 4; lastKnownFileType = sourcecode.c.objc; path = User.m; sourceTree = "<group>"; };
		AC59FF261B47D97B00F867B6 /* Status.h */ = {isa = PBXFileReference; fileEncoding = 4; lastKnownFileType = sourcecode.c.h; path = Status.h; sourceTree = "<group>"; };
		AC59FF271B47D97B00F867B6 /* Status.m */ = {isa = PBXFileReference; fileEncoding = 4; lastKnownFileType = sourcecode.c.objc; path = Status.m; sourceTree = "<group>"; };
		AC59FF2A1B48058400F867B6 /* MJConst.h */ = {isa = PBXFileReference; fileEncoding = 4; lastKnownFileType = sourcecode.c.h; path = MJConst.h; sourceTree = "<group>"; };
		AC59FF2B1B48058400F867B6 /* MJConst.m */ = {isa = PBXFileReference; fileEncoding = 4; lastKnownFileType = sourcecode.c.objc; path = MJConst.m; sourceTree = "<group>"; };
		AC59FF2C1B48058400F867B6 /* MJExtension.h */ = {isa = PBXFileReference; fileEncoding = 4; lastKnownFileType = sourcecode.c.h; path = MJExtension.h; sourceTree = "<group>"; };
		AC59FF2D1B48058400F867B6 /* MJFoundation.h */ = {isa = PBXFileReference; fileEncoding = 4; lastKnownFileType = sourcecode.c.h; path = MJFoundation.h; sourceTree = "<group>"; };
		AC59FF2E1B48058400F867B6 /* MJFoundation.m */ = {isa = PBXFileReference; fileEncoding = 4; lastKnownFileType = sourcecode.c.objc; path = MJFoundation.m; sourceTree = "<group>"; };
		AC59FF2F1B48058400F867B6 /* MJProperty.h */ = {isa = PBXFileReference; fileEncoding = 4; lastKnownFileType = sourcecode.c.h; path = MJProperty.h; sourceTree = "<group>"; };
		AC59FF301B48058400F867B6 /* MJProperty.m */ = {isa = PBXFileReference; fileEncoding = 4; lastKnownFileType = sourcecode.c.objc; path = MJProperty.m; sourceTree = "<group>"; };
		AC59FF311B48058400F867B6 /* MJType.h */ = {isa = PBXFileReference; fileEncoding = 4; lastKnownFileType = sourcecode.c.h; path = MJType.h; sourceTree = "<group>"; };
		AC59FF321B48058400F867B6 /* MJType.m */ = {isa = PBXFileReference; fileEncoding = 4; lastKnownFileType = sourcecode.c.objc; path = MJType.m; sourceTree = "<group>"; };
		AC59FF331B48058400F867B6 /* NSObject+MJCoding.h */ = {isa = PBXFileReference; fileEncoding = 4; lastKnownFileType = sourcecode.c.h; path = "NSObject+MJCoding.h"; sourceTree = "<group>"; };
		AC59FF341B48058400F867B6 /* NSObject+MJCoding.m */ = {isa = PBXFileReference; fileEncoding = 4; lastKnownFileType = sourcecode.c.objc; path = "NSObject+MJCoding.m"; sourceTree = "<group>"; };
		AC59FF351B48058400F867B6 /* NSObject+MJKeyValue.h */ = {isa = PBXFileReference; fileEncoding = 4; lastKnownFileType = sourcecode.c.h; path = "NSObject+MJKeyValue.h"; sourceTree = "<group>"; };
		AC59FF361B48058400F867B6 /* NSObject+MJKeyValue.m */ = {isa = PBXFileReference; fileEncoding = 4; lastKnownFileType = sourcecode.c.objc; path = "NSObject+MJKeyValue.m"; sourceTree = "<group>"; };
		AC59FF371B48058400F867B6 /* NSObject+MJProperty.h */ = {isa = PBXFileReference; fileEncoding = 4; lastKnownFileType = sourcecode.c.h; path = "NSObject+MJProperty.h"; sourceTree = "<group>"; };
		AC59FF381B48058400F867B6 /* NSObject+MJProperty.m */ = {isa = PBXFileReference; fileEncoding = 4; lastKnownFileType = sourcecode.c.objc; path = "NSObject+MJProperty.m"; sourceTree = "<group>"; };
		AC59FF391B48058400F867B6 /* NSString+MJExtension.h */ = {isa = PBXFileReference; fileEncoding = 4; lastKnownFileType = sourcecode.c.h; path = "NSString+MJExtension.h"; sourceTree = "<group>"; };
		AC59FF3A1B48058400F867B6 /* NSString+MJExtension.m */ = {isa = PBXFileReference; fileEncoding = 4; lastKnownFileType = sourcecode.c.objc; path = "NSString+MJExtension.m"; sourceTree = "<group>"; };
		AC59FF451B4805C100F867B6 /* MJRefreshAutoFooter.h */ = {isa = PBXFileReference; fileEncoding = 4; lastKnownFileType = sourcecode.c.h; path = MJRefreshAutoFooter.h; sourceTree = "<group>"; };
		AC59FF461B4805C100F867B6 /* MJRefreshAutoFooter.m */ = {isa = PBXFileReference; fileEncoding = 4; lastKnownFileType = sourcecode.c.objc; path = MJRefreshAutoFooter.m; sourceTree = "<group>"; };
		AC59FF471B4805C200F867B6 /* MJRefreshBackFooter.h */ = {isa = PBXFileReference; fileEncoding = 4; lastKnownFileType = sourcecode.c.h; path = MJRefreshBackFooter.h; sourceTree = "<group>"; };
		AC59FF481B4805C200F867B6 /* MJRefreshBackFooter.m */ = {isa = PBXFileReference; fileEncoding = 4; lastKnownFileType = sourcecode.c.objc; path = MJRefreshBackFooter.m; sourceTree = "<group>"; };
		AC59FF491B4805C200F867B6 /* MJRefreshComponent.h */ = {isa = PBXFileReference; fileEncoding = 4; lastKnownFileType = sourcecode.c.h; path = MJRefreshComponent.h; sourceTree = "<group>"; };
		AC59FF4A1B4805C200F867B6 /* MJRefreshComponent.m */ = {isa = PBXFileReference; fileEncoding = 4; lastKnownFileType = sourcecode.c.objc; path = MJRefreshComponent.m; sourceTree = "<group>"; };
		AC59FF4B1B4805C200F867B6 /* MJRefreshFooter.h */ = {isa = PBXFileReference; fileEncoding = 4; lastKnownFileType = sourcecode.c.h; path = MJRefreshFooter.h; sourceTree = "<group>"; };
		AC59FF4C1B4805C200F867B6 /* MJRefreshFooter.m */ = {isa = PBXFileReference; fileEncoding = 4; lastKnownFileType = sourcecode.c.objc; path = MJRefreshFooter.m; sourceTree = "<group>"; };
		AC59FF4D1B4805C200F867B6 /* MJRefreshHeader.h */ = {isa = PBXFileReference; fileEncoding = 4; lastKnownFileType = sourcecode.c.h; path = MJRefreshHeader.h; sourceTree = "<group>"; };
		AC59FF4E1B4805C200F867B6 /* MJRefreshHeader.m */ = {isa = PBXFileReference; fileEncoding = 4; lastKnownFileType = sourcecode.c.objc; path = MJRefreshHeader.m; sourceTree = "<group>"; };
		AC59FF521B4805C200F867B6 /* MJRefreshAutoGifFooter.h */ = {isa = PBXFileReference; fileEncoding = 4; lastKnownFileType = sourcecode.c.h; path = MJRefreshAutoGifFooter.h; sourceTree = "<group>"; };
		AC59FF531B4805C200F867B6 /* MJRefreshAutoGifFooter.m */ = {isa = PBXFileReference; fileEncoding = 4; lastKnownFileType = sourcecode.c.objc; path = MJRefreshAutoGifFooter.m; sourceTree = "<group>"; };
		AC59FF541B4805C200F867B6 /* MJRefreshAutoNormalFooter.h */ = {isa = PBXFileReference; fileEncoding = 4; lastKnownFileType = sourcecode.c.h; path = MJRefreshAutoNormalFooter.h; sourceTree = "<group>"; };
		AC59FF551B4805C200F867B6 /* MJRefreshAutoNormalFooter.m */ = {isa = PBXFileReference; fileEncoding = 4; lastKnownFileType = sourcecode.c.objc; path = MJRefreshAutoNormalFooter.m; sourceTree = "<group>"; };
		AC59FF561B4805C200F867B6 /* MJRefreshAutoStateFooter.h */ = {isa = PBXFileReference; fileEncoding = 4; lastKnownFileType = sourcecode.c.h; path = MJRefreshAutoStateFooter.h; sourceTree = "<group>"; };
		AC59FF571B4805C200F867B6 /* MJRefreshAutoStateFooter.m */ = {isa = PBXFileReference; fileEncoding = 4; lastKnownFileType = sourcecode.c.objc; path = MJRefreshAutoStateFooter.m; sourceTree = "<group>"; };
		AC59FF591B4805C200F867B6 /* MJRefreshBackGifFooter.h */ = {isa = PBXFileReference; fileEncoding = 4; lastKnownFileType = sourcecode.c.h; path = MJRefreshBackGifFooter.h; sourceTree = "<group>"; };
		AC59FF5A1B4805C200F867B6 /* MJRefreshBackGifFooter.m */ = {isa = PBXFileReference; fileEncoding = 4; lastKnownFileType = sourcecode.c.objc; path = MJRefreshBackGifFooter.m; sourceTree = "<group>"; };
		AC59FF5B1B4805C200F867B6 /* MJRefreshBackNormalFooter.h */ = {isa = PBXFileReference; fileEncoding = 4; lastKnownFileType = sourcecode.c.h; path = MJRefreshBackNormalFooter.h; sourceTree = "<group>"; };
		AC59FF5C1B4805C200F867B6 /* MJRefreshBackNormalFooter.m */ = {isa = PBXFileReference; fileEncoding = 4; lastKnownFileType = sourcecode.c.objc; path = MJRefreshBackNormalFooter.m; sourceTree = "<group>"; };
		AC59FF5D1B4805C200F867B6 /* MJRefreshBackStateFooter.h */ = {isa = PBXFileReference; fileEncoding = 4; lastKnownFileType = sourcecode.c.h; path = MJRefreshBackStateFooter.h; sourceTree = "<group>"; };
		AC59FF5E1B4805C200F867B6 /* MJRefreshBackStateFooter.m */ = {isa = PBXFileReference; fileEncoding = 4; lastKnownFileType = sourcecode.c.objc; path = MJRefreshBackStateFooter.m; sourceTree = "<group>"; };
		AC59FF601B4805C200F867B6 /* MJRefreshGifHeader.h */ = {isa = PBXFileReference; fileEncoding = 4; lastKnownFileType = sourcecode.c.h; path = MJRefreshGifHeader.h; sourceTree = "<group>"; };
		AC59FF611B4805C200F867B6 /* MJRefreshGifHeader.m */ = {isa = PBXFileReference; fileEncoding = 4; lastKnownFileType = sourcecode.c.objc; path = MJRefreshGifHeader.m; sourceTree = "<group>"; };
		AC59FF621B4805C200F867B6 /* MJRefreshNormalHeader.h */ = {isa = PBXFileReference; fileEncoding = 4; lastKnownFileType = sourcecode.c.h; path = MJRefreshNormalHeader.h; sourceTree = "<group>"; };
		AC59FF631B4805C200F867B6 /* MJRefreshNormalHeader.m */ = {isa = PBXFileReference; fileEncoding = 4; lastKnownFileType = sourcecode.c.objc; path = MJRefreshNormalHeader.m; sourceTree = "<group>"; };
		AC59FF641B4805C200F867B6 /* MJRefreshStateHeader.h */ = {isa = PBXFileReference; fileEncoding = 4; lastKnownFileType = sourcecode.c.h; path = MJRefreshStateHeader.h; sourceTree = "<group>"; };
		AC59FF651B4805C200F867B6 /* MJRefreshStateHeader.m */ = {isa = PBXFileReference; fileEncoding = 4; lastKnownFileType = sourcecode.c.objc; path = MJRefreshStateHeader.m; sourceTree = "<group>"; };
		AC59FF661B4805C200F867B6 /* MJRefresh.bundle */ = {isa = PBXFileReference; lastKnownFileType = "wrapper.plug-in"; path = MJRefresh.bundle; sourceTree = "<group>"; };
		AC59FF671B4805C200F867B6 /* MJRefresh.h */ = {isa = PBXFileReference; fileEncoding = 4; lastKnownFileType = sourcecode.c.h; path = MJRefresh.h; sourceTree = "<group>"; };
		AC59FF681B4805C200F867B6 /* MJRefreshConst.h */ = {isa = PBXFileReference; fileEncoding = 4; lastKnownFileType = sourcecode.c.h; path = MJRefreshConst.h; sourceTree = "<group>"; };
		AC59FF691B4805C200F867B6 /* MJRefreshConst.m */ = {isa = PBXFileReference; fileEncoding = 4; lastKnownFileType = sourcecode.c.objc; path = MJRefreshConst.m; sourceTree = "<group>"; };
		AC59FF6A1B4805C200F867B6 /* UIScrollView+MJExtension.h */ = {isa = PBXFileReference; fileEncoding = 4; lastKnownFileType = sourcecode.c.h; path = "UIScrollView+MJExtension.h"; sourceTree = "<group>"; };
		AC59FF6B1B4805C200F867B6 /* UIScrollView+MJExtension.m */ = {isa = PBXFileReference; fileEncoding = 4; lastKnownFileType = sourcecode.c.objc; path = "UIScrollView+MJExtension.m"; sourceTree = "<group>"; };
		AC59FF6C1B4805C200F867B6 /* UIScrollView+MJRefresh.h */ = {isa = PBXFileReference; fileEncoding = 4; lastKnownFileType = sourcecode.c.h; path = "UIScrollView+MJRefresh.h"; sourceTree = "<group>"; };
		AC59FF6D1B4805C200F867B6 /* UIScrollView+MJRefresh.m */ = {isa = PBXFileReference; fileEncoding = 4; lastKnownFileType = sourcecode.c.objc; path = "UIScrollView+MJRefresh.m"; sourceTree = "<group>"; };
		AC59FF6E1B4805C200F867B6 /* UIView+MJExtension.h */ = {isa = PBXFileReference; fileEncoding = 4; lastKnownFileType = sourcecode.c.h; path = "UIView+MJExtension.h"; sourceTree = "<group>"; };
		AC59FF6F1B4805C200F867B6 /* UIView+MJExtension.m */ = {isa = PBXFileReference; fileEncoding = 4; lastKnownFileType = sourcecode.c.objc; path = "UIView+MJExtension.m"; sourceTree = "<group>"; };
		AC59FF831B481A7600F867B6 /* LoadMoreFooter.h */ = {isa = PBXFileReference; fileEncoding = 4; lastKnownFileType = sourcecode.c.h; path = LoadMoreFooter.h; sourceTree = "<group>"; };
		AC59FF841B481A7600F867B6 /* LoadMoreFooter.m */ = {isa = PBXFileReference; fileEncoding = 4; lastKnownFileType = sourcecode.c.objc; path = LoadMoreFooter.m; sourceTree = "<group>"; };
		AC59FF861B481A8D00F867B6 /* LoadMoreFooter.xib */ = {isa = PBXFileReference; fileEncoding = 4; lastKnownFileType = file.xib; path = LoadMoreFooter.xib; sourceTree = "<group>"; };
		AC59FF881B4837DD00F867B6 /* StatusCell.h */ = {isa = PBXFileReference; fileEncoding = 4; lastKnownFileType = sourcecode.c.h; path = StatusCell.h; sourceTree = "<group>"; };
		AC59FF891B4837DD00F867B6 /* StatusCell.m */ = {isa = PBXFileReference; fileEncoding = 4; lastKnownFileType = sourcecode.c.objc; path = StatusCell.m; sourceTree = "<group>"; };
		AC59FF8B1B483C7A00F867B6 /* StatusFrame.h */ = {isa = PBXFileReference; fileEncoding = 4; lastKnownFileType = sourcecode.c.h; path = StatusFrame.h; sourceTree = "<group>"; };
		AC59FF8C1B483C7A00F867B6 /* StatusFrame.m */ = {isa = PBXFileReference; fileEncoding = 4; lastKnownFileType = sourcecode.c.objc; path = StatusFrame.m; sourceTree = "<group>"; };
		AC59FF8E1B48FD7E00F867B6 /* Photo.h */ = {isa = PBXFileReference; fileEncoding = 4; lastKnownFileType = sourcecode.c.h; path = Photo.h; sourceTree = "<group>"; };
		AC59FF8F1B48FD7E00F867B6 /* Photo.m */ = {isa = PBXFileReference; fileEncoding = 4; lastKnownFileType = sourcecode.c.objc; path = Photo.m; sourceTree = "<group>"; };
		AC59FF911B497CE800F867B6 /* StatusToolbar.h */ = {isa = PBXFileReference; fileEncoding = 4; lastKnownFileType = sourcecode.c.h; path = StatusToolbar.h; sourceTree = "<group>"; };
		AC59FF921B497CE800F867B6 /* StatusToolbar.m */ = {isa = PBXFileReference; fileEncoding = 4; lastKnownFileType = sourcecode.c.objc; path = StatusToolbar.m; sourceTree = "<group>"; };
		AC83CEB11B443649000F8A76 /* YNTabBar.h */ = {isa = PBXFileReference; fileEncoding = 4; lastKnownFileType = sourcecode.c.h; path = YNTabBar.h; sourceTree = "<group>"; };
		AC83CEB21B443649000F8A76 /* YNTabBar.m */ = {isa = PBXFileReference; fileEncoding = 4; lastKnownFileType = sourcecode.c.objc; path = YNTabBar.m; sourceTree = "<group>"; };
		AC83CEB41B444B9D000F8A76 /* NewfeatureViewController.h */ = {isa = PBXFileReference; fileEncoding = 4; lastKnownFileType = sourcecode.c.h; path = NewfeatureViewController.h; sourceTree = "<group>"; };
		AC83CEB51B444B9D000F8A76 /* NewfeatureViewController.m */ = {isa = PBXFileReference; fileEncoding = 4; lastKnownFileType = sourcecode.c.objc; path = NewfeatureViewController.m; sourceTree = "<group>"; };
		AC9EF8F31B4006F5005317CF /* AppDelegate.h */ = {isa = PBXFileReference; fileEncoding = 4; lastKnownFileType = sourcecode.c.h; path = AppDelegate.h; sourceTree = "<group>"; };
		AC9EF8F41B4006F5005317CF /* AppDelegate.m */ = {isa = PBXFileReference; fileEncoding = 4; lastKnownFileType = sourcecode.c.objc; path = AppDelegate.m; sourceTree = "<group>"; };
		AC9EF90B1B401FAB005317CF /* Test1ViewController.h */ = {isa = PBXFileReference; fileEncoding = 4; lastKnownFileType = sourcecode.c.h; path = Test1ViewController.h; sourceTree = "<group>"; };
		AC9EF90C1B401FAB005317CF /* Test1ViewController.m */ = {isa = PBXFileReference; fileEncoding = 4; lastKnownFileType = sourcecode.c.objc; path = Test1ViewController.m; sourceTree = "<group>"; };
		ACA653C61B4C1F2300C4333E /* StausPhotosView.h */ = {isa = PBXFileReference; fileEncoding = 4; lastKnownFileType = sourcecode.c.h; path = StausPhotosView.h; sourceTree = "<group>"; };
		ACA653C71B4C1F2300C4333E /* StausPhotosView.m */ = {isa = PBXFileReference; fileEncoding = 4; lastKnownFileType = sourcecode.c.objc; path = StausPhotosView.m; sourceTree = "<group>"; };
		ACD0730F1B46EE2300A1C55A /* OAuthViewController.h */ = {isa = PBXFileReference; fileEncoding = 4; lastKnownFileType = sourcecode.c.h; path = OAuthViewController.h; sourceTree = "<group>"; };
		ACD073101B46EE2300A1C55A /* OAuthViewController.m */ = {isa = PBXFileReference; fileEncoding = 4; lastKnownFileType = sourcecode.c.objc; path = OAuthViewController.m; sourceTree = "<group>"; };
		ACD0734F1B46F6EF00A1C55A /* Account.h */ = {isa = PBXFileReference; fileEncoding = 4; lastKnownFileType = sourcecode.c.h; path = Account.h; sourceTree = "<group>"; };
		ACD073501B46F6EF00A1C55A /* Account.m */ = {isa = PBXFileReference; fileEncoding = 4; lastKnownFileType = sourcecode.c.objc; path = Account.m; sourceTree = "<group>"; };
		ACD073541B46FB9500A1C55A /* MBProgressHUD+MJ.h */ = {isa = PBXFileReference; fileEncoding = 4; lastKnownFileType = sourcecode.c.h; path = "MBProgressHUD+MJ.h"; sourceTree = "<group>"; };
		ACD073551B46FB9500A1C55A /* MBProgressHUD+MJ.m */ = {isa = PBXFileReference; fileEncoding = 4; lastKnownFileType = sourcecode.c.objc; path = "MBProgressHUD+MJ.m"; sourceTree = "<group>"; };
		ACD073561B46FB9500A1C55A /* MBProgressHUD.bundle */ = {isa = PBXFileReference; lastKnownFileType = "wrapper.plug-in"; path = MBProgressHUD.bundle; sourceTree = "<group>"; };
		ACD073571B46FB9500A1C55A /* MBProgressHUD.h */ = {isa = PBXFileReference; fileEncoding = 4; lastKnownFileType = sourcecode.c.h; path = MBProgressHUD.h; sourceTree = "<group>"; };
		ACD073581B46FB9500A1C55A /* MBProgressHUD.m */ = {isa = PBXFileReference; fileEncoding = 4; lastKnownFileType = sourcecode.c.objc; path = MBProgressHUD.m; sourceTree = "<group>"; };
		ACD8A6A61B42F86300B34D93 /* YNDropdownMenu.h */ = {isa = PBXFileReference; fileEncoding = 4; lastKnownFileType = sourcecode.c.h; path = YNDropdownMenu.h; sourceTree = "<group>"; };
		ACD8A6A71B42F86300B34D93 /* YNDropdownMenu.m */ = {isa = PBXFileReference; fileEncoding = 4; lastKnownFileType = sourcecode.c.objc; path = YNDropdownMenu.m; sourceTree = "<group>"; };
		ACE514F51B4EB4BE00257E35 /* ComposeViewController.h */ = {isa = PBXFileReference; fileEncoding = 4; lastKnownFileType = sourcecode.c.h; path = ComposeViewController.h; sourceTree = "<group>"; };
		ACE514F61B4EB4BE00257E35 /* ComposeViewController.m */ = {isa = PBXFileReference; fileEncoding = 4; lastKnownFileType = sourcecode.c.objc; path = ComposeViewController.m; sourceTree = "<group>"; };
		ACE515001B4ED28C00257E35 /* YNTextView.h */ = {isa = PBXFileReference; fileEncoding = 4; lastKnownFileType = sourcecode.c.h; path = YNTextView.h; sourceTree = "<group>"; };
		ACE515011B4ED28C00257E35 /* YNTextView.m */ = {isa = PBXFileReference; fileEncoding = 4; lastKnownFileType = sourcecode.c.objc; path = YNTextView.m; sourceTree = "<group>"; };
/* End PBXFileReference section */

/* Begin PBXFrameworksBuildPhase section */
		AC29BD011B3FEDB200C60052 /* Frameworks */ = {
			isa = PBXFrameworksBuildPhase;
			buildActionMask = 2147483647;
			files = (
				E5BE2A939180A81742A5E826 /* libPods-YNWeiBo.a in Frameworks */,
			);
			runOnlyForDeploymentPostprocessing = 0;
		};
		AC29BD1A1B3FEDB200C60052 /* Frameworks */ = {
			isa = PBXFrameworksBuildPhase;
			buildActionMask = 2147483647;
			files = (
			);
			runOnlyForDeploymentPostprocessing = 0;
		};
/* End PBXFrameworksBuildPhase section */

/* Begin PBXGroup section */
		AC01C3791B41968A007D0D40 /* Discover */ = {
			isa = PBXGroup;
			children = (
				AC01C37A1B41968A007D0D40 /* Controller */,
				AC01C37D1B41968A007D0D40 /* Model */,
				AC01C37E1B41968A007D0D40 /* View */,
			);
			path = Discover;
			sourceTree = "<group>";
		};
		AC01C37A1B41968A007D0D40 /* Controller */ = {
			isa = PBXGroup;
			children = (
				AC01C37B1B41968A007D0D40 /* DiscoverViewController.h */,
				AC01C37C1B41968A007D0D40 /* DiscoverViewController.m */,
			);
			path = Controller;
			sourceTree = "<group>";
		};
		AC01C37D1B41968A007D0D40 /* Model */ = {
			isa = PBXGroup;
			children = (
			);
			path = Model;
			sourceTree = "<group>";
		};
		AC01C37E1B41968A007D0D40 /* View */ = {
			isa = PBXGroup;
			children = (
			);
			path = View;
			sourceTree = "<group>";
		};
		AC01C37F1B41968A007D0D40 /* Home */ = {
			isa = PBXGroup;
			children = (
				AC01C3801B41968A007D0D40 /* Controller */,
				AC01C3831B41968A007D0D40 /* Model */,
				AC01C3841B41968A007D0D40 /* View */,
			);
			path = Home;
			sourceTree = "<group>";
		};
		AC01C3801B41968A007D0D40 /* Controller */ = {
			isa = PBXGroup;
			children = (
				AC01C3811B41968A007D0D40 /* HomeViewController.h */,
				AC01C3821B41968A007D0D40 /* HomeViewController.m */,
			);
			path = Controller;
			sourceTree = "<group>";
		};
		AC01C3831B41968A007D0D40 /* Model */ = {
			isa = PBXGroup;
			children = (
				AC59FF231B47D97200F867B6 /* User.h */,
				AC59FF241B47D97200F867B6 /* User.m */,
				AC59FF261B47D97B00F867B6 /* Status.h */,
				AC59FF271B47D97B00F867B6 /* Status.m */,
				AC59FF8B1B483C7A00F867B6 /* StatusFrame.h */,
				AC59FF8C1B483C7A00F867B6 /* StatusFrame.m */,
				AC59FF8E1B48FD7E00F867B6 /* Photo.h */,
				AC59FF8F1B48FD7E00F867B6 /* Photo.m */,
			);
			path = Model;
			sourceTree = "<group>";
		};
		AC01C3841B41968A007D0D40 /* View */ = {
			isa = PBXGroup;
			children = (
				AC59FF201B47C98D00F867B6 /* TitleButton.h */,
				AC59FF211B47C98D00F867B6 /* TitleButton.m */,
				AC59FF831B481A7600F867B6 /* LoadMoreFooter.h */,
				AC59FF841B481A7600F867B6 /* LoadMoreFooter.m */,
				AC59FF861B481A8D00F867B6 /* LoadMoreFooter.xib */,
				AC59FF881B4837DD00F867B6 /* StatusCell.h */,
				AC59FF891B4837DD00F867B6 /* StatusCell.m */,
				AC59FF911B497CE800F867B6 /* StatusToolbar.h */,
				AC59FF921B497CE800F867B6 /* StatusToolbar.m */,
				ACA653C61B4C1F2300C4333E /* StausPhotosView.h */,
				ACA653C71B4C1F2300C4333E /* StausPhotosView.m */,
				AC03AFE61B4D6CAE00239781 /* StatusPhtotView.h */,
				AC03AFE71B4D6CAE00239781 /* StatusPhtotView.m */,
			);
			path = View;
			sourceTree = "<group>";
		};
		AC01C3851B41968A007D0D40 /* Main */ = {
			isa = PBXGroup;
			children = (
				ACD073521B46FB9500A1C55A /* Lib */,
				AC01C3861B41968A007D0D40 /* Controller */,
				AC01C38E1B41968A007D0D40 /* main.m */,
				AC01C38F1B41968A007D0D40 /* Model */,
				AC01C3901B41968A007D0D40 /* View */,
			);
			path = Main;
			sourceTree = "<group>";
		};
		AC01C3861B41968A007D0D40 /* Controller */ = {
			isa = PBXGroup;
			children = (
				AC01C3871B41968A007D0D40 /* MainTabBarController.h */,
				AC01C3881B41968A007D0D40 /* MainTabBarController.m */,
				AC01C3891B41968A007D0D40 /* YNNavigationController.h */,
				AC01C38A1B41968A007D0D40 /* YNNavigationController.m */,
			);
			path = Controller;
			sourceTree = "<group>";
		};
		AC01C38F1B41968A007D0D40 /* Model */ = {
			isa = PBXGroup;
			children = (
			);
			path = Model;
			sourceTree = "<group>";
		};
		AC01C3901B41968A007D0D40 /* View */ = {
			isa = PBXGroup;
			children = (
				ACE515001B4ED28C00257E35 /* YNTextView.h */,
				ACE515011B4ED28C00257E35 /* YNTextView.m */,
				ACD8A6A61B42F86300B34D93 /* YNDropdownMenu.h */,
				ACD8A6A71B42F86300B34D93 /* YNDropdownMenu.m */,
				AC83CEB11B443649000F8A76 /* YNTabBar.h */,
				AC83CEB21B443649000F8A76 /* YNTabBar.m */,
				AC03AFE91B4D7AA400239781 /* IconView.h */,
				AC03AFEA1B4D7AA400239781 /* IconView.m */,
			);
			path = View;
			sourceTree = "<group>";
		};
		AC01C3911B41968A007D0D40 /* MessageCenter */ = {
			isa = PBXGroup;
			children = (
				AC01C3921B41968A007D0D40 /* Controller */,
				AC01C3951B41968A007D0D40 /* Model */,
				AC01C3961B41968A007D0D40 /* View */,
			);
			path = MessageCenter;
			sourceTree = "<group>";
		};
		AC01C3921B41968A007D0D40 /* Controller */ = {
			isa = PBXGroup;
			children = (
				AC01C3931B41968A007D0D40 /* MessageCenterViewController.h */,
				AC01C3941B41968A007D0D40 /* MessageCenterViewController.m */,
			);
			path = Controller;
			sourceTree = "<group>";
		};
		AC01C3951B41968A007D0D40 /* Model */ = {
			isa = PBXGroup;
			children = (
			);
			path = Model;
			sourceTree = "<group>";
		};
		AC01C3961B41968A007D0D40 /* View */ = {
			isa = PBXGroup;
			children = (
			);
			path = View;
			sourceTree = "<group>";
		};
		AC01C3971B41968A007D0D40 /* Profile */ = {
			isa = PBXGroup;
			children = (
				AC01C3981B41968A007D0D40 /* Controller */,
				AC01C39B1B41968A007D0D40 /* Model */,
				AC01C39C1B41968A007D0D40 /* View */,
			);
			path = Profile;
			sourceTree = "<group>";
		};
		AC01C3981B41968A007D0D40 /* Controller */ = {
			isa = PBXGroup;
			children = (
				AC01C3991B41968A007D0D40 /* ProfileViewController.h */,
				AC01C39A1B41968A007D0D40 /* ProfileViewController.m */,
			);
			path = Controller;
			sourceTree = "<group>";
		};
		AC01C39B1B41968A007D0D40 /* Model */ = {
			isa = PBXGroup;
			children = (
			);
			path = Model;
			sourceTree = "<group>";
		};
		AC01C39C1B41968A007D0D40 /* View */ = {
			isa = PBXGroup;
			children = (
			);
			path = View;
			sourceTree = "<group>";
		};
		AC29BCFB1B3FEDB200C60052 = {
			isa = PBXGroup;
			children = (
				AC29BD061B3FEDB200C60052 /* YNWeiBo */,
				AC29BD201B3FEDB200C60052 /* YNWeiBoTests */,
				AC29BD051B3FEDB200C60052 /* Products */,
				EE1EA8D093DBBAB4EEE385D7 /* Pods */,
				B28CF57A731A682389786EBB /* Frameworks */,
			);
			sourceTree = "<group>";
		};
		AC29BD051B3FEDB200C60052 /* Products */ = {
			isa = PBXGroup;
			children = (
				AC29BD041B3FEDB200C60052 /* YNWeiBo.app */,
				AC29BD1D1B3FEDB200C60052 /* YNWeiBoTests.xctest */,
			);
			name = Products;
			sourceTree = "<group>";
		};
		AC29BD061B3FEDB200C60052 /* YNWeiBo */ = {
			isa = PBXGroup;
			children = (
				AC9EF8F21B4006F5005317CF /* Classes */,
				AC29BD141B3FEDB200C60052 /* Images.xcassets */,
				AC29BD161B3FEDB200C60052 /* LaunchScreen.xib */,
				AC29BD071B3FEDB200C60052 /* Supporting Files */,
			);
			path = YNWeiBo;
			sourceTree = "<group>";
		};
		AC29BD071B3FEDB200C60052 /* Supporting Files */ = {
			isa = PBXGroup;
			children = (
				AC29BD081B3FEDB200C60052 /* Info.plist */,
			);
			name = "Supporting Files";
			sourceTree = "<group>";
		};
		AC29BD201B3FEDB200C60052 /* YNWeiBoTests */ = {
			isa = PBXGroup;
			children = (
				AC29BD231B3FEDB200C60052 /* YNWeiBoTests.m */,
				AC29BD211B3FEDB200C60052 /* Supporting Files */,
			);
			path = YNWeiBoTests;
			sourceTree = "<group>";
		};
		AC29BD211B3FEDB200C60052 /* Supporting Files */ = {
			isa = PBXGroup;
			children = (
				AC29BD221B3FEDB200C60052 /* Info.plist */,
			);
			name = "Supporting Files";
			sourceTree = "<group>";
		};
		AC59FF191B478DA200F867B6 /* Tool */ = {
			isa = PBXGroup;
			children = (
				AC59FF1A1B478DB300F867B6 /* AccountTool.h */,
				AC59FF1B1B478DB300F867B6 /* AccountTool.m */,
			);
			path = Tool;
			sourceTree = "<group>";
		};
		AC59FF291B48058400F867B6 /* MJExtension */ = {
			isa = PBXGroup;
			children = (
				AC59FF2A1B48058400F867B6 /* MJConst.h */,
				AC59FF2B1B48058400F867B6 /* MJConst.m */,
				AC59FF2C1B48058400F867B6 /* MJExtension.h */,
				AC59FF2D1B48058400F867B6 /* MJFoundation.h */,
				AC59FF2E1B48058400F867B6 /* MJFoundation.m */,
				AC59FF2F1B48058400F867B6 /* MJProperty.h */,
				AC59FF301B48058400F867B6 /* MJProperty.m */,
				AC59FF311B48058400F867B6 /* MJType.h */,
				AC59FF321B48058400F867B6 /* MJType.m */,
				AC59FF331B48058400F867B6 /* NSObject+MJCoding.h */,
				AC59FF341B48058400F867B6 /* NSObject+MJCoding.m */,
				AC59FF351B48058400F867B6 /* NSObject+MJKeyValue.h */,
				AC59FF361B48058400F867B6 /* NSObject+MJKeyValue.m */,
				AC59FF371B48058400F867B6 /* NSObject+MJProperty.h */,
				AC59FF381B48058400F867B6 /* NSObject+MJProperty.m */,
				AC59FF391B48058400F867B6 /* NSString+MJExtension.h */,
				AC59FF3A1B48058400F867B6 /* NSString+MJExtension.m */,
			);
			path = MJExtension;
			sourceTree = "<group>";
		};
		AC59FF431B4805C100F867B6 /* MJRefresh */ = {
			isa = PBXGroup;
			children = (
				AC59FF441B4805C100F867B6 /* Base */,
				AC59FF4F1B4805C200F867B6 /* Custom */,
				AC59FF661B4805C200F867B6 /* MJRefresh.bundle */,
				AC59FF671B4805C200F867B6 /* MJRefresh.h */,
				AC59FF681B4805C200F867B6 /* MJRefreshConst.h */,
				AC59FF691B4805C200F867B6 /* MJRefreshConst.m */,
				AC59FF6A1B4805C200F867B6 /* UIScrollView+MJExtension.h */,
				AC59FF6B1B4805C200F867B6 /* UIScrollView+MJExtension.m */,
				AC59FF6C1B4805C200F867B6 /* UIScrollView+MJRefresh.h */,
				AC59FF6D1B4805C200F867B6 /* UIScrollView+MJRefresh.m */,
				AC59FF6E1B4805C200F867B6 /* UIView+MJExtension.h */,
				AC59FF6F1B4805C200F867B6 /* UIView+MJExtension.m */,
			);
			path = MJRefresh;
			sourceTree = "<group>";
		};
		AC59FF441B4805C100F867B6 /* Base */ = {
			isa = PBXGroup;
			children = (
				AC59FF451B4805C100F867B6 /* MJRefreshAutoFooter.h */,
				AC59FF461B4805C100F867B6 /* MJRefreshAutoFooter.m */,
				AC59FF471B4805C200F867B6 /* MJRefreshBackFooter.h */,
				AC59FF481B4805C200F867B6 /* MJRefreshBackFooter.m */,
				AC59FF491B4805C200F867B6 /* MJRefreshComponent.h */,
				AC59FF4A1B4805C200F867B6 /* MJRefreshComponent.m */,
				AC59FF4B1B4805C200F867B6 /* MJRefreshFooter.h */,
				AC59FF4C1B4805C200F867B6 /* MJRefreshFooter.m */,
				AC59FF4D1B4805C200F867B6 /* MJRefreshHeader.h */,
				AC59FF4E1B4805C200F867B6 /* MJRefreshHeader.m */,
			);
			path = Base;
			sourceTree = "<group>";
		};
		AC59FF4F1B4805C200F867B6 /* Custom */ = {
			isa = PBXGroup;
			children = (
				AC59FF501B4805C200F867B6 /* Footer */,
				AC59FF5F1B4805C200F867B6 /* Header */,
			);
			path = Custom;
			sourceTree = "<group>";
		};
		AC59FF501B4805C200F867B6 /* Footer */ = {
			isa = PBXGroup;
			children = (
				AC59FF511B4805C200F867B6 /* Auto */,
				AC59FF581B4805C200F867B6 /* Back */,
			);
			path = Footer;
			sourceTree = "<group>";
		};
		AC59FF511B4805C200F867B6 /* Auto */ = {
			isa = PBXGroup;
			children = (
				AC59FF521B4805C200F867B6 /* MJRefreshAutoGifFooter.h */,
				AC59FF531B4805C200F867B6 /* MJRefreshAutoGifFooter.m */,
				AC59FF541B4805C200F867B6 /* MJRefreshAutoNormalFooter.h */,
				AC59FF551B4805C200F867B6 /* MJRefreshAutoNormalFooter.m */,
				AC59FF561B4805C200F867B6 /* MJRefreshAutoStateFooter.h */,
				AC59FF571B4805C200F867B6 /* MJRefreshAutoStateFooter.m */,
			);
			path = Auto;
			sourceTree = "<group>";
		};
		AC59FF581B4805C200F867B6 /* Back */ = {
			isa = PBXGroup;
			children = (
				AC59FF591B4805C200F867B6 /* MJRefreshBackGifFooter.h */,
				AC59FF5A1B4805C200F867B6 /* MJRefreshBackGifFooter.m */,
				AC59FF5B1B4805C200F867B6 /* MJRefreshBackNormalFooter.h */,
				AC59FF5C1B4805C200F867B6 /* MJRefreshBackNormalFooter.m */,
				AC59FF5D1B4805C200F867B6 /* MJRefreshBackStateFooter.h */,
				AC59FF5E1B4805C200F867B6 /* MJRefreshBackStateFooter.m */,
			);
			path = Back;
			sourceTree = "<group>";
		};
		AC59FF5F1B4805C200F867B6 /* Header */ = {
			isa = PBXGroup;
			children = (
				AC59FF601B4805C200F867B6 /* MJRefreshGifHeader.h */,
				AC59FF611B4805C200F867B6 /* MJRefreshGifHeader.m */,
				AC59FF621B4805C200F867B6 /* MJRefreshNormalHeader.h */,
				AC59FF631B4805C200F867B6 /* MJRefreshNormalHeader.m */,
				AC59FF641B4805C200F867B6 /* MJRefreshStateHeader.h */,
				AC59FF651B4805C200F867B6 /* MJRefreshStateHeader.m */,
			);
			path = Header;
			sourceTree = "<group>";
		};
		AC9EF8F21B4006F5005317CF /* Classes */ = {
			isa = PBXGroup;
			children = (
				ACE514F31B4EB49400257E35 /* Compose */,
				ACD0730C1B46EDEB00A1C55A /* OAuth */,
				AC01C3791B41968A007D0D40 /* Discover */,
				AC01C37F1B41968A007D0D40 /* Home */,
				AC01C3851B41968A007D0D40 /* Main */,
				AC01C3911B41968A007D0D40 /* MessageCenter */,
				AC01C3971B41968A007D0D40 /* Profile */,
				AC9EF8F31B4006F5005317CF /* AppDelegate.h */,
				AC9EF8F41B4006F5005317CF /* AppDelegate.m */,
				AC9EF90B1B401FAB005317CF /* Test1ViewController.h */,
				AC9EF90C1B401FAB005317CF /* Test1ViewController.m */,
				AC83CEB41B444B9D000F8A76 /* NewfeatureViewController.h */,
				AC83CEB51B444B9D000F8A76 /* NewfeatureViewController.m */,
			);
			path = Classes;
			sourceTree = "<group>";
		};
		ACD0730C1B46EDEB00A1C55A /* OAuth */ = {
			isa = PBXGroup;
			children = (
				AC59FF191B478DA200F867B6 /* Tool */,
				ACD0730D1B46EDEB00A1C55A /* Controller */,
				ACD0730E1B46EDEB00A1C55A /* Model */,
			);
			path = OAuth;
			sourceTree = "<group>";
		};
		ACD0730D1B46EDEB00A1C55A /* Controller */ = {
			isa = PBXGroup;
			children = (
				ACD0730F1B46EE2300A1C55A /* OAuthViewController.h */,
				ACD073101B46EE2300A1C55A /* OAuthViewController.m */,
			);
			path = Controller;
			sourceTree = "<group>";
		};
		ACD0730E1B46EDEB00A1C55A /* Model */ = {
			isa = PBXGroup;
			children = (
				ACD0734F1B46F6EF00A1C55A /* Account.h */,
				ACD073501B46F6EF00A1C55A /* Account.m */,
			);
			path = Model;
			sourceTree = "<group>";
		};
		ACD073521B46FB9500A1C55A /* Lib */ = {
			isa = PBXGroup;
			children = (
				AC59FF431B4805C100F867B6 /* MJRefresh */,
				AC59FF291B48058400F867B6 /* MJExtension */,
				ACD073531B46FB9500A1C55A /* MBProgressHUD */,
			);
			path = Lib;
			sourceTree = "<group>";
		};
		ACD073531B46FB9500A1C55A /* MBProgressHUD */ = {
			isa = PBXGroup;
			children = (
				ACD073541B46FB9500A1C55A /* MBProgressHUD+MJ.h */,
				ACD073551B46FB9500A1C55A /* MBProgressHUD+MJ.m */,
				ACD073561B46FB9500A1C55A /* MBProgressHUD.bundle */,
				ACD073571B46FB9500A1C55A /* MBProgressHUD.h */,
				ACD073581B46FB9500A1C55A /* MBProgressHUD.m */,
			);
			path = MBProgressHUD;
			sourceTree = "<group>";
		};
		ACE514F31B4EB49400257E35 /* Compose */ = {
			isa = PBXGroup;
			children = (
				ACE514F81B4EC33900257E35 /* Model */,
				ACE514F91B4EC33900257E35 /* View */,
				ACE514F41B4EB49400257E35 /* Controller */,
			);
			path = Compose;
			sourceTree = "<group>";
		};
		ACE514F41B4EB49400257E35 /* Controller */ = {
			isa = PBXGroup;
			children = (
				ACE514F51B4EB4BE00257E35 /* ComposeViewController.h */,
				ACE514F61B4EB4BE00257E35 /* ComposeViewController.m */,
			);
			path = Controller;
			sourceTree = "<group>";
		};
		ACE514F81B4EC33900257E35 /* Model */ = {
			isa = PBXGroup;
			children = (
			);
			path = Model;
			sourceTree = "<group>";
		};
		ACE514F91B4EC33900257E35 /* View */ = {
			isa = PBXGroup;
			children = (
			);
			path = View;
			sourceTree = "<group>";
		};
		B28CF57A731A682389786EBB /* Frameworks */ = {
			isa = PBXGroup;
			children = (
				877181B59D278872CB72DA81 /* libPods-YNWeiBo.a */,
			);
			name = Frameworks;
			sourceTree = "<group>";
		};
		EE1EA8D093DBBAB4EEE385D7 /* Pods */ = {
			isa = PBXGroup;
			children = (
				A4571994FAFC8095EA7964FF /* Pods-YNWeiBo.debug.xcconfig */,
				A7648F2B4E8F5993BC063049 /* Pods-YNWeiBo.release.xcconfig */,
			);
			name = Pods;
			sourceTree = "<group>";
		};
/* End PBXGroup section */

/* Begin PBXNativeTarget section */
		AC29BD031B3FEDB200C60052 /* YNWeiBo */ = {
			isa = PBXNativeTarget;
			buildConfigurationList = AC29BD271B3FEDB200C60052 /* Build configuration list for PBXNativeTarget "YNWeiBo" */;
			buildPhases = (
				8A97DEA3B2E058B377834AE8 /* Check Pods Manifest.lock */,
				AC29BD001B3FEDB200C60052 /* Sources */,
				AC29BD011B3FEDB200C60052 /* Frameworks */,
				AC29BD021B3FEDB200C60052 /* Resources */,
				5B197F2B26CEA34D6FFB36AA /* Copy Pods Resources */,
			);
			buildRules = (
			);
			dependencies = (
			);
			name = YNWeiBo;
			productName = YNWeiBo;
			productReference = AC29BD041B3FEDB200C60052 /* YNWeiBo.app */;
			productType = "com.apple.product-type.application";
		};
		AC29BD1C1B3FEDB200C60052 /* YNWeiBoTests */ = {
			isa = PBXNativeTarget;
			buildConfigurationList = AC29BD2A1B3FEDB200C60052 /* Build configuration list for PBXNativeTarget "YNWeiBoTests" */;
			buildPhases = (
				AC29BD191B3FEDB200C60052 /* Sources */,
				AC29BD1A1B3FEDB200C60052 /* Frameworks */,
				AC29BD1B1B3FEDB200C60052 /* Resources */,
			);
			buildRules = (
			);
			dependencies = (
				AC29BD1F1B3FEDB200C60052 /* PBXTargetDependency */,
			);
			name = YNWeiBoTests;
			productName = YNWeiBoTests;
			productReference = AC29BD1D1B3FEDB200C60052 /* YNWeiBoTests.xctest */;
			productType = "com.apple.product-type.bundle.unit-test";
		};
/* End PBXNativeTarget section */

/* Begin PBXProject section */
		AC29BCFC1B3FEDB200C60052 /* Project object */ = {
			isa = PBXProject;
			attributes = {
				LastUpgradeCheck = 0630;
				ORGANIZATIONNAME = kfvnx;
				TargetAttributes = {
					AC29BD031B3FEDB200C60052 = {
						CreatedOnToolsVersion = 6.3.1;
					};
					AC29BD1C1B3FEDB200C60052 = {
						CreatedOnToolsVersion = 6.3.1;
						TestTargetID = AC29BD031B3FEDB200C60052;
					};
				};
			};
			buildConfigurationList = AC29BCFF1B3FEDB200C60052 /* Build configuration list for PBXProject "YNWeiBo" */;
			compatibilityVersion = "Xcode 3.2";
			developmentRegion = English;
			hasScannedForEncodings = 0;
			knownRegions = (
				en,
				Base,
			);
			mainGroup = AC29BCFB1B3FEDB200C60052;
			productRefGroup = AC29BD051B3FEDB200C60052 /* Products */;
			projectDirPath = "";
			projectRoot = "";
			targets = (
				AC29BD031B3FEDB200C60052 /* YNWeiBo */,
				AC29BD1C1B3FEDB200C60052 /* YNWeiBoTests */,
			);
		};
/* End PBXProject section */

/* Begin PBXResourcesBuildPhase section */
		AC29BD021B3FEDB200C60052 /* Resources */ = {
			isa = PBXResourcesBuildPhase;
			buildActionMask = 2147483647;
			files = (
				AC29BD181B3FEDB200C60052 /* LaunchScreen.xib in Resources */,
				AC29BD151B3FEDB200C60052 /* Images.xcassets in Resources */,
				AC59FF7E1B4805C200F867B6 /* MJRefresh.bundle in Resources */,
				AC59FF871B481A8D00F867B6 /* LoadMoreFooter.xib in Resources */,
				ACD0735A1B46FB9500A1C55A /* MBProgressHUD.bundle in Resources */,
			);
			runOnlyForDeploymentPostprocessing = 0;
		};
		AC29BD1B1B3FEDB200C60052 /* Resources */ = {
			isa = PBXResourcesBuildPhase;
			buildActionMask = 2147483647;
			files = (
			);
			runOnlyForDeploymentPostprocessing = 0;
		};
/* End PBXResourcesBuildPhase section */

/* Begin PBXShellScriptBuildPhase section */
		5B197F2B26CEA34D6FFB36AA /* Copy Pods Resources */ = {
			isa = PBXShellScriptBuildPhase;
			buildActionMask = 2147483647;
			files = (
			);
			inputPaths = (
			);
			name = "Copy Pods Resources";
			outputPaths = (
			);
			runOnlyForDeploymentPostprocessing = 0;
			shellPath = /bin/sh;
			shellScript = "\"${SRCROOT}/Pods/Target Support Files/Pods-YNWeiBo/Pods-YNWeiBo-resources.sh\"\n";
			showEnvVarsInLog = 0;
		};
		8A97DEA3B2E058B377834AE8 /* Check Pods Manifest.lock */ = {
			isa = PBXShellScriptBuildPhase;
			buildActionMask = 2147483647;
			files = (
			);
			inputPaths = (
			);
			name = "Check Pods Manifest.lock";
			outputPaths = (
			);
			runOnlyForDeploymentPostprocessing = 0;
			shellPath = /bin/sh;
			shellScript = "diff \"${PODS_ROOT}/../Podfile.lock\" \"${PODS_ROOT}/Manifest.lock\" > /dev/null\nif [[ $? != 0 ]] ; then\n    cat << EOM\nerror: The sandbox is not in sync with the Podfile.lock. Run 'pod install' or update your CocoaPods installation.\nEOM\n    exit 1\nfi\n";
			showEnvVarsInLog = 0;
		};
/* End PBXShellScriptBuildPhase section */

/* Begin PBXSourcesBuildPhase section */
		AC29BD001B3FEDB200C60052 /* Sources */ = {
			isa = PBXSourcesBuildPhase;
			buildActionMask = 2147483647;
			files = (
				AC59FF801B4805C200F867B6 /* UIScrollView+MJExtension.m in Sources */,
				AC59FF721B4805C200F867B6 /* MJRefreshComponent.m in Sources */,
				AC59FF3F1B48058400F867B6 /* NSObject+MJCoding.m in Sources */,
				AC83CEB61B444B9D000F8A76 /* NewfeatureViewController.m in Sources */,
				AC59FF711B4805C200F867B6 /* MJRefreshBackFooter.m in Sources */,
				ACD073511B46F6EF00A1C55A /* Account.m in Sources */,
				AC59FF751B4805C200F867B6 /* MJRefreshAutoGifFooter.m in Sources */,
				AC59FF771B4805C200F867B6 /* MJRefreshAutoStateFooter.m in Sources */,
				AC83CEB31B443649000F8A76 /* YNTabBar.m in Sources */,
				AC01C3A01B41968A007D0D40 /* YNNavigationController.m in Sources */,
				AC59FF411B48058400F867B6 /* NSObject+MJProperty.m in Sources */,
				AC59FF901B48FD7E00F867B6 /* Photo.m in Sources */,
				AC59FF251B47D97200F867B6 /* User.m in Sources */,
				AC59FF281B47D97B00F867B6 /* Status.m in Sources */,
				AC01C39F1B41968A007D0D40 /* MainTabBarController.m in Sources */,
				AC9EF90D1B401FAB005317CF /* Test1ViewController.m in Sources */,
				AC59FF421B48058400F867B6 /* NSString+MJExtension.m in Sources */,
				AC59FF791B4805C200F867B6 /* MJRefreshBackNormalFooter.m in Sources */,
				AC59FF7C1B4805C200F867B6 /* MJRefreshNormalHeader.m in Sources */,
				AC59FF8A1B4837DD00F867B6 /* StatusCell.m in Sources */,
				AC59FF3E1B48058400F867B6 /* MJType.m in Sources */,
				AC59FF3B1B48058400F867B6 /* MJConst.m in Sources */,
				AC59FF7A1B4805C200F867B6 /* MJRefreshBackStateFooter.m in Sources */,
				ACD8A6A81B42F86300B34D93 /* YNDropdownMenu.m in Sources */,
				AC59FF7B1B4805C200F867B6 /* MJRefreshGifHeader.m in Sources */,
				AC59FF761B4805C200F867B6 /* MJRefreshAutoNormalFooter.m in Sources */,
				AC59FF1C1B478DB300F867B6 /* AccountTool.m in Sources */,
				ACD073591B46FB9500A1C55A /* MBProgressHUD+MJ.m in Sources */,
				AC59FF781B4805C200F867B6 /* MJRefreshBackGifFooter.m in Sources */,
				AC01C3A21B41968A007D0D40 /* main.m in Sources */,
				ACE515021B4ED28C00257E35 /* YNTextView.m in Sources */,
				AC01C3A41B41968A007D0D40 /* ProfileViewController.m in Sources */,
				AC59FF7F1B4805C200F867B6 /* MJRefreshConst.m in Sources */,
				ACD073111B46EE2300A1C55A /* OAuthViewController.m in Sources */,
				AC59FF3D1B48058400F867B6 /* MJProperty.m in Sources */,
				ACE514F71B4EB4BE00257E35 /* ComposeViewController.m in Sources */,
				ACA653C81B4C1F2300C4333E /* StausPhotosView.m in Sources */,
				AC59FF221B47C98D00F867B6 /* TitleButton.m in Sources */,
				ACD0735B1B46FB9500A1C55A /* MBProgressHUD.m in Sources */,
				AC9EF8F81B4006F5005317CF /* AppDelegate.m in Sources */,
				AC59FF821B4805C200F867B6 /* UIView+MJExtension.m in Sources */,
				AC01C39D1B41968A007D0D40 /* DiscoverViewController.m in Sources */,
				AC59FF401B48058400F867B6 /* NSObject+MJKeyValue.m in Sources */,
				AC59FF931B497CE800F867B6 /* StatusToolbar.m in Sources */,
				AC03AFEB1B4D7AA400239781 /* IconView.m in Sources */,
				AC01C3A31B41968A007D0D40 /* MessageCenterViewController.m in Sources */,
				AC59FF741B4805C200F867B6 /* MJRefreshHeader.m in Sources */,
				AC59FF7D1B4805C200F867B6 /* MJRefreshStateHeader.m in Sources */,
				AC59FF3C1B48058400F867B6 /* MJFoundation.m in Sources */,
				AC03AFE81B4D6CAE00239781 /* StatusPhtotView.m in Sources */,
				AC59FF811B4805C200F867B6 /* UIScrollView+MJRefresh.m in Sources */,
				AC59FF701B4805C200F867B6 /* MJRefreshAutoFooter.m in Sources */,
				AC59FF851B481A7600F867B6 /* LoadMoreFooter.m in Sources */,
				AC01C39E1B41968A007D0D40 /* HomeViewController.m in Sources */,
				AC59FF731B4805C200F867B6 /* MJRefreshFooter.m in Sources */,
				AC59FF8D1B483C7A00F867B6 /* StatusFrame.m in Sources */,
			);
			runOnlyForDeploymentPostprocessing = 0;
		};
		AC29BD191B3FEDB200C60052 /* Sources */ = {
			isa = PBXSourcesBuildPhase;
			buildActionMask = 2147483647;
			files = (
				AC29BD241B3FEDB200C60052 /* YNWeiBoTests.m in Sources */,
			);
			runOnlyForDeploymentPostprocessing = 0;
		};
/* End PBXSourcesBuildPhase section */

/* Begin PBXTargetDependency section */
		AC29BD1F1B3FEDB200C60052 /* PBXTargetDependency */ = {
			isa = PBXTargetDependency;
			target = AC29BD031B3FEDB200C60052 /* YNWeiBo */;
			targetProxy = AC29BD1E1B3FEDB200C60052 /* PBXContainerItemProxy */;
		};
/* End PBXTargetDependency section */

/* Begin PBXVariantGroup section */
		AC29BD161B3FEDB200C60052 /* LaunchScreen.xib */ = {
			isa = PBXVariantGroup;
			children = (
				AC29BD171B3FEDB200C60052 /* Base */,
			);
			name = LaunchScreen.xib;
			sourceTree = "<group>";
		};
/* End PBXVariantGroup section */

/* Begin XCBuildConfiguration section */
		AC29BD251B3FEDB200C60052 /* Debug */ = {
			isa = XCBuildConfiguration;
			buildSettings = {
				ALWAYS_SEARCH_USER_PATHS = NO;
				CLANG_CXX_LANGUAGE_STANDARD = "gnu++0x";
				CLANG_CXX_LIBRARY = "libc++";
				CLANG_ENABLE_MODULES = YES;
				CLANG_ENABLE_OBJC_ARC = YES;
				CLANG_WARN_BOOL_CONVERSION = YES;
				CLANG_WARN_CONSTANT_CONVERSION = YES;
				CLANG_WARN_DIRECT_OBJC_ISA_USAGE = YES_ERROR;
				CLANG_WARN_EMPTY_BODY = YES;
				CLANG_WARN_ENUM_CONVERSION = YES;
				CLANG_WARN_INT_CONVERSION = YES;
				CLANG_WARN_OBJC_ROOT_CLASS = YES_ERROR;
				CLANG_WARN_UNREACHABLE_CODE = YES;
				CLANG_WARN__DUPLICATE_METHOD_MATCH = YES;
				"CODE_SIGN_IDENTITY[sdk=iphoneos*]" = "iPhone Developer";
				COPY_PHASE_STRIP = NO;
				DEBUG_INFORMATION_FORMAT = "dwarf-with-dsym";
				ENABLE_STRICT_OBJC_MSGSEND = YES;
				GCC_C_LANGUAGE_STANDARD = gnu99;
				GCC_DYNAMIC_NO_PIC = NO;
				GCC_NO_COMMON_BLOCKS = YES;
				GCC_OPTIMIZATION_LEVEL = 0;
				GCC_PREPROCESSOR_DEFINITIONS = (
					"DEBUG=1",
					"$(inherited)",
				);
				GCC_SYMBOLS_PRIVATE_EXTERN = NO;
				GCC_WARN_64_TO_32_BIT_CONVERSION = YES;
				GCC_WARN_ABOUT_RETURN_TYPE = YES_ERROR;
				GCC_WARN_UNDECLARED_SELECTOR = YES;
				GCC_WARN_UNINITIALIZED_AUTOS = YES_AGGRESSIVE;
				GCC_WARN_UNUSED_FUNCTION = YES;
				GCC_WARN_UNUSED_VARIABLE = YES;
				IPHONEOS_DEPLOYMENT_TARGET = 7.1;
				MTL_ENABLE_DEBUG_INFO = YES;
				ONLY_ACTIVE_ARCH = YES;
				SDKROOT = iphoneos;
			};
			name = Debug;
		};
		AC29BD261B3FEDB200C60052 /* Release */ = {
			isa = XCBuildConfiguration;
			buildSettings = {
				ALWAYS_SEARCH_USER_PATHS = NO;
				CLANG_CXX_LANGUAGE_STANDARD = "gnu++0x";
				CLANG_CXX_LIBRARY = "libc++";
				CLANG_ENABLE_MODULES = YES;
				CLANG_ENABLE_OBJC_ARC = YES;
				CLANG_WARN_BOOL_CONVERSION = YES;
				CLANG_WARN_CONSTANT_CONVERSION = YES;
				CLANG_WARN_DIRECT_OBJC_ISA_USAGE = YES_ERROR;
				CLANG_WARN_EMPTY_BODY = YES;
				CLANG_WARN_ENUM_CONVERSION = YES;
				CLANG_WARN_INT_CONVERSION = YES;
				CLANG_WARN_OBJC_ROOT_CLASS = YES_ERROR;
				CLANG_WARN_UNREACHABLE_CODE = YES;
				CLANG_WARN__DUPLICATE_METHOD_MATCH = YES;
				"CODE_SIGN_IDENTITY[sdk=iphoneos*]" = "iPhone Developer";
				COPY_PHASE_STRIP = NO;
				DEBUG_INFORMATION_FORMAT = "dwarf-with-dsym";
				ENABLE_NS_ASSERTIONS = NO;
				ENABLE_STRICT_OBJC_MSGSEND = YES;
				GCC_C_LANGUAGE_STANDARD = gnu99;
				GCC_NO_COMMON_BLOCKS = YES;
				GCC_WARN_64_TO_32_BIT_CONVERSION = YES;
				GCC_WARN_ABOUT_RETURN_TYPE = YES_ERROR;
				GCC_WARN_UNDECLARED_SELECTOR = YES;
				GCC_WARN_UNINITIALIZED_AUTOS = YES_AGGRESSIVE;
				GCC_WARN_UNUSED_FUNCTION = YES;
				GCC_WARN_UNUSED_VARIABLE = YES;
				IPHONEOS_DEPLOYMENT_TARGET = 7.1;
				MTL_ENABLE_DEBUG_INFO = NO;
				SDKROOT = iphoneos;
				VALIDATE_PRODUCT = YES;
			};
			name = Release;
		};
		AC29BD281B3FEDB200C60052 /* Debug */ = {
			isa = XCBuildConfiguration;
			baseConfigurationReference = A4571994FAFC8095EA7964FF /* Pods-YNWeiBo.debug.xcconfig */;
			buildSettings = {
				ASSETCATALOG_COMPILER_APPICON_NAME = AppIcon;
				INFOPLIST_FILE = YNWeiBo/Info.plist;
				IPHONEOS_DEPLOYMENT_TARGET = 7.1;
				LD_RUNPATH_SEARCH_PATHS = "$(inherited) @executable_path/Frameworks";
				PRODUCT_NAME = "$(TARGET_NAME)";
				TARGETED_DEVICE_FAMILY = 1;
			};
			name = Debug;
		};
		AC29BD291B3FEDB200C60052 /* Release */ = {
			isa = XCBuildConfiguration;
			baseConfigurationReference = A7648F2B4E8F5993BC063049 /* Pods-YNWeiBo.release.xcconfig */;
			buildSettings = {
				ASSETCATALOG_COMPILER_APPICON_NAME = AppIcon;
				INFOPLIST_FILE = YNWeiBo/Info.plist;
				IPHONEOS_DEPLOYMENT_TARGET = 7.1;
				LD_RUNPATH_SEARCH_PATHS = "$(inherited) @executable_path/Frameworks";
				PRODUCT_NAME = "$(TARGET_NAME)";
				TARGETED_DEVICE_FAMILY = 1;
			};
			name = Release;
		};
		AC29BD2B1B3FEDB200C60052 /* Debug */ = {
			isa = XCBuildConfiguration;
			buildSettings = {
				BUNDLE_LOADER = "$(TEST_HOST)";
				FRAMEWORK_SEARCH_PATHS = (
					"$(SDKROOT)/Developer/Library/Frameworks",
					"$(inherited)",
				);
				GCC_PREPROCESSOR_DEFINITIONS = (
					"DEBUG=1",
					"$(inherited)",
				);
				INFOPLIST_FILE = YNWeiBoTests/Info.plist;
				LD_RUNPATH_SEARCH_PATHS = "$(inherited) @executable_path/Frameworks @loader_path/Frameworks";
				PRODUCT_NAME = "$(TARGET_NAME)";
				TEST_HOST = "$(BUILT_PRODUCTS_DIR)/YNWeiBo.app/YNWeiBo";
			};
			name = Debug;
		};
		AC29BD2C1B3FEDB200C60052 /* Release */ = {
			isa = XCBuildConfiguration;
			buildSettings = {
				BUNDLE_LOADER = "$(TEST_HOST)";
				FRAMEWORK_SEARCH_PATHS = (
					"$(SDKROOT)/Developer/Library/Frameworks",
					"$(inherited)",
				);
				INFOPLIST_FILE = YNWeiBoTests/Info.plist;
				LD_RUNPATH_SEARCH_PATHS = "$(inherited) @executable_path/Frameworks @loader_path/Frameworks";
				PRODUCT_NAME = "$(TARGET_NAME)";
				TEST_HOST = "$(BUILT_PRODUCTS_DIR)/YNWeiBo.app/YNWeiBo";
			};
			name = Release;
		};
/* End XCBuildConfiguration section */

/* Begin XCConfigurationList section */
		AC29BCFF1B3FEDB200C60052 /* Build configuration list for PBXProject "YNWeiBo" */ = {
			isa = XCConfigurationList;
			buildConfigurations = (
				AC29BD251B3FEDB200C60052 /* Debug */,
				AC29BD261B3FEDB200C60052 /* Release */,
			);
			defaultConfigurationIsVisible = 0;
			defaultConfigurationName = Release;
		};
		AC29BD271B3FEDB200C60052 /* Build configuration list for PBXNativeTarget "YNWeiBo" */ = {
			isa = XCConfigurationList;
			buildConfigurations = (
				AC29BD281B3FEDB200C60052 /* Debug */,
				AC29BD291B3FEDB200C60052 /* Release */,
			);
			defaultConfigurationIsVisible = 0;
			defaultConfigurationName = Release;
		};
		AC29BD2A1B3FEDB200C60052 /* Build configuration list for PBXNativeTarget "YNWeiBoTests" */ = {
			isa = XCConfigurationList;
			buildConfigurations = (
				AC29BD2B1B3FEDB200C60052 /* Debug */,
				AC29BD2C1B3FEDB200C60052 /* Release */,
			);
			defaultConfigurationIsVisible = 0;
			defaultConfigurationName = Release;
		};
/* End XCConfigurationList section */
	};
	rootObject = AC29BCFC1B3FEDB200C60052 /* Project object */;
}
